// !$*UTF8*$!
{
	archiveVersion = 1;
	classes = {
	};
	objectVersion = 46;
	objects = {

/* Begin PBXBuildFile section */
		D775FD111D0637A100F44322 /* main.m in Sources */ = {isa = PBXBuildFile; fileRef = D775FD101D0637A100F44322 /* main.m */; };
		D775FD141D0637A100F44322 /* AppDelegate.m in Sources */ = {isa = PBXBuildFile; fileRef = D775FD131D0637A100F44322 /* AppDelegate.m */; };
		D775FD171D0637A100F44322 /* ViewController.m in Sources */ = {isa = PBXBuildFile; fileRef = D775FD161D0637A100F44322 /* ViewController.m */; };
		D775FD1A1D0637A100F44322 /* Main.storyboard in Resources */ = {isa = PBXBuildFile; fileRef = D775FD181D0637A100F44322 /* Main.storyboard */; };
		D775FD1C1D0637A100F44322 /* Assets.xcassets in Resources */ = {isa = PBXBuildFile; fileRef = D775FD1B1D0637A100F44322 /* Assets.xcassets */; };
		D775FD1F1D0637A100F44322 /* LaunchScreen.storyboard in Resources */ = {isa = PBXBuildFile; fileRef = D775FD1D1D0637A100F44322 /* LaunchScreen.storyboard */; };
		D775FD2A1D0637A100F44322 /* VideoSample003Tests.m in Sources */ = {isa = PBXBuildFile; fileRef = D775FD291D0637A100F44322 /* VideoSample003Tests.m */; };
/* End PBXBuildFile section */

/* Begin PBXContainerItemProxy section */
		D775FD261D0637A100F44322 /* PBXContainerItemProxy */ = {
			isa = PBXContainerItemProxy;
			containerPortal = D775FD041D0637A100F44322 /* Project object */;
			proxyType = 1;
			remoteGlobalIDString = D775FD0B1D0637A100F44322;
			remoteInfo = VideoSample003;
		};
/* End PBXContainerItemProxy section */

/* Begin PBXFileReference section */
		D775FD0C1D0637A100F44322 /* VideoSample003.app */ = {isa = PBXFileReference; explicitFileType = wrapper.application; includeInIndex = 0; path = VideoSample003.app; sourceTree = BUILT_PRODUCTS_DIR; };
		D775FD101D0637A100F44322 /* main.m */ = {isa = PBXFileReference; lastKnownFileType = sourcecode.c.objc; path = main.m; sourceTree = "<group>"; };
		D775FD121D0637A100F44322 /* AppDelegate.h */ = {isa = PBXFileReference; lastKnownFileType = sourcecode.c.h; path = AppDelegate.h; sourceTree = "<group>"; };
		D775FD131D0637A100F44322 /* AppDelegate.m */ = {isa = PBXFileReference; lastKnownFileType = sourcecode.c.objc; path = AppDelegate.m; sourceTree = "<group>"; };
		D775FD151D0637A100F44322 /* ViewController.h */ = {isa = PBXFileReference; lastKnownFileType = sourcecode.c.h; path = ViewController.h; sourceTree = "<group>"; };
		D775FD161D0637A100F44322 /* ViewController.m */ = {isa = PBXFileReference; lastKnownFileType = sourcecode.c.objc; path = ViewController.m; sourceTree = "<group>"; };
		D775FD191D0637A100F44322 /* Base */ = {isa = PBXFileReference; lastKnownFileType = file.storyboard; name = Base; path = Base.lproj/Main.storyboard; sourceTree = "<group>"; };
		D775FD1B1D0637A100F44322 /* Assets.xcassets */ = {isa = PBXFileReference; lastKnownFileType = folder.assetcatalog; path = Assets.xcassets; sourceTree = "<group>"; };
		D775FD1E1D0637A100F44322 /* Base */ = {isa = PBXFileReference; lastKnownFileType = file.storyboard; name = Base; path = Base.lproj/LaunchScreen.storyboard; sourceTree = "<group>"; };
		D775FD201D0637A100F44322 /* Info.plist */ = {isa = PBXFileReference; lastKnownFileType = text.plist.xml; path = Info.plist; sourceTree = "<group>"; };
		D775FD251D0637A100F44322 /* VideoSample003Tests.xctest */ = {isa = PBXFileReference; explicitFileType = wrapper.cfbundle; includeInIndex = 0; path = VideoSample003Tests.xctest; sourceTree = BUILT_PRODUCTS_DIR; };
		D775FD291D0637A100F44322 /* VideoSample003Tests.m */ = {isa = PBXFileReference; lastKnownFileType = sourcecode.c.objc; path = VideoSample003Tests.m; sourceTree = "<group>"; };
		D775FD2B1D0637A100F44322 /* Info.plist */ = {isa = PBXFileReference; lastKnownFileType = text.plist.xml; path = Info.plist; sourceTree = "<group>"; };
/* End PBXFileReference section */

/* Begin PBXFrameworksBuildPhase section */
		D775FD091D0637A100F44322 /* Frameworks */ = {
			isa = PBXFrameworksBuildPhase;
			buildActionMask = 2147483647;
			files = (
			);
			runOnlyForDeploymentPostprocessing = 0;
		};
		D775FD221D0637A100F44322 /* Frameworks */ = {
			isa = PBXFrameworksBuildPhase;
			buildActionMask = 2147483647;
			files = (
			);
			runOnlyForDeploymentPostprocessing = 0;
		};
/* End PBXFrameworksBuildPhase section */

/* Begin PBXGroup section */
		D775FD031D0637A100F44322 = {
			isa = PBXGroup;
			children = (
				D775FD0E1D0637A100F44322 /* VideoSample003 */,
				D775FD281D0637A100F44322 /* VideoSample003Tests */,
				D775FD0D1D0637A100F44322 /* Products */,
			);
			sourceTree = "<group>";
		};
		D775FD0D1D0637A100F44322 /* Products */ = {
			isa = PBXGroup;
			children = (
				D775FD0C1D0637A100F44322 /* VideoSample003.app */,
				D775FD251D0637A100F44322 /* VideoSample003Tests.xctest */,
			);
			name = Products;
			sourceTree = "<group>";
		};
		D775FD0E1D0637A100F44322 /* VideoSample003 */ = {
			isa = PBXGroup;
			children = (
				D775FD121D0637A100F44322 /* AppDelegate.h */,
				D775FD131D0637A100F44322 /* AppDelegate.m */,
				D775FD151D0637A100F44322 /* ViewController.h */,
				D775FD161D0637A100F44322 /* ViewController.m */,
				D775FD181D0637A100F44322 /* Main.storyboard */,
				D775FD1B1D0637A100F44322 /* Assets.xcassets */,
				D775FD1D1D0637A100F44322 /* LaunchScreen.storyboard */,
				D775FD201D0637A100F44322 /* Info.plist */,
				D775FD0F1D0637A100F44322 /* Supporting Files */,
			);
			path = VideoSample003;
			sourceTree = "<group>";
		};
		D775FD0F1D0637A100F44322 /* Supporting Files */ = {
			isa = PBXGroup;
			children = (
				D775FD101D0637A100F44322 /* main.m */,
			);
			name = "Supporting Files";
			sourceTree = "<group>";
		};
		D775FD281D0637A100F44322 /* VideoSample003Tests */ = {
			isa = PBXGroup;
			children = (
				D775FD291D0637A100F44322 /* VideoSample003Tests.m */,
				D775FD2B1D0637A100F44322 /* Info.plist */,
			);
			path = VideoSample003Tests;
			sourceTree = "<group>";
		};
/* End PBXGroup section */

/* Begin PBXNativeTarget section */
		D775FD0B1D0637A100F44322 /* VideoSample003 */ = {
			isa = PBXNativeTarget;
			buildConfigurationList = D775FD2E1D0637A100F44322 /* Build configuration list for PBXNativeTarget "VideoSample003" */;
			buildPhases = (
				D775FD081D0637A100F44322 /* Sources */,
				D775FD091D0637A100F44322 /* Frameworks */,
				D775FD0A1D0637A100F44322 /* Resources */,
			);
			buildRules = (
			);
			dependencies = (
			);
			name = VideoSample003;
			productName = VideoSample003;
			productReference = D775FD0C1D0637A100F44322 /* VideoSample003.app */;
			productType = "com.apple.product-type.application";
		};
		D775FD241D0637A100F44322 /* VideoSample003Tests */ = {
			isa = PBXNativeTarget;
			buildConfigurationList = D775FD311D0637A100F44322 /* Build configuration list for PBXNativeTarget "VideoSample003Tests" */;
			buildPhases = (
				D775FD211D0637A100F44322 /* Sources */,
				D775FD221D0637A100F44322 /* Frameworks */,
				D775FD231D0637A100F44322 /* Resources */,
			);
			buildRules = (
			);
			dependencies = (
				D775FD271D0637A100F44322 /* PBXTargetDependency */,
			);
			name = VideoSample003Tests;
			productName = VideoSample003Tests;
			productReference = D775FD251D0637A100F44322 /* VideoSample003Tests.xctest */;
			productType = "com.apple.product-type.bundle.unit-test";
		};
/* End PBXNativeTarget section */

/* Begin PBXProject section */
		D775FD041D0637A100F44322 /* Project object */ = {
			isa = PBXProject;
			attributes = {
				LastUpgradeCheck = 0730;
				ORGANIZATIONNAME = SAPPOROWORKS;
				TargetAttributes = {
					D775FD0B1D0637A100F44322 = {
						CreatedOnToolsVersion = 7.3.1;
					};
					D775FD241D0637A100F44322 = {
						CreatedOnToolsVersion = 7.3.1;
						TestTargetID = D775FD0B1D0637A100F44322;
					};
				};
			};
			buildConfigurationList = D775FD071D0637A100F44322 /* Build configuration list for PBXProject "VideoSample003" */;
			compatibilityVersion = "Xcode 3.2";
			developmentRegion = English;
			hasScannedForEncodings = 0;
			knownRegions = (
				en,
				Base,
			);
			mainGroup = D775FD031D0637A100F44322;
			productRefGroup = D775FD0D1D0637A100F44322 /* Products */;
			projectDirPath = "";
			projectRoot = "";
			targets = (
				D775FD0B1D0637A100F44322 /* VideoSample003 */,
				D775FD241D0637A100F44322 /* VideoSample003Tests */,
			);
		};
/* End PBXProject section */

/* Begin PBXResourcesBuildPhase section */
		D775FD0A1D0637A100F44322 /* Resources */ = {
			isa = PBXResourcesBuildPhase;
			buildActionMask = 2147483647;
			files = (
				D775FD1F1D0637A100F44322 /* LaunchScreen.storyboard in Resources */,
				D775FD1C1D0637A100F44322 /* Assets.xcassets in Resources */,
				D775FD1A1D0637A100F44322 /* Main.storyboard in Resources */,
			);
			runOnlyForDeploymentPostprocessing = 0;
		};
		D775FD231D0637A100F44322 /* Resources */ = {
			isa = PBXResourcesBuildPhase;
			buildActionMask = 2147483647;
			files = (
			);
			runOnlyForDeploymentPostprocessing = 0;
		};
/* End PBXResourcesBuildPhase section */

/* Begin PBXSourcesBuildPhase section */
		D775FD081D0637A100F44322 /* Sources */ = {
			isa = PBXSourcesBuildPhase;
			buildActionMask = 2147483647;
			files = (
				D775FD171D0637A100F44322 /* ViewController.m in Sources */,
				D775FD141D0637A100F44322 /* AppDelegate.m in Sources */,
				D775FD111D0637A100F44322 /* main.m in Sources */,
			);
			runOnlyForDeploymentPostprocessing = 0;
		};
		D775FD211D0637A100F44322 /* Sources */ = {
			isa = PBXSourcesBuildPhase;
			buildActionMask = 2147483647;
			files = (
				D775FD2A1D0637A100F44322 /* VideoSample003Tests.m in Sources */,
			);
			runOnlyForDeploymentPostprocessing = 0;
		};
/* End PBXSourcesBuildPhase section */

/* Begin PBXTargetDependency section */
		D775FD271D0637A100F44322 /* PBXTargetDependency */ = {
			isa = PBXTargetDependency;
			target = D775FD0B1D0637A100F44322 /* VideoSample003 */;
			targetProxy = D775FD261D0637A100F44322 /* PBXContainerItemProxy */;
		};
/* End PBXTargetDependency section */

/* Begin PBXVariantGroup section */
		D775FD181D0637A100F44322 /* Main.storyboard */ = {
			isa = PBXVariantGroup;
			children = (
				D775FD191D0637A100F44322 /* Base */,
			);
			name = Main.storyboard;
			sourceTree = "<group>";
		};
		D775FD1D1D0637A100F44322 /* LaunchScreen.storyboard */ = {
			isa = PBXVariantGroup;
			children = (
				D775FD1E1D0637A100F44322 /* Base */,
			);
			name = LaunchScreen.storyboard;
			sourceTree = "<group>";
		};
/* End PBXVariantGroup section */

/* Begin XCBuildConfiguration section */
		D775FD2C1D0637A100F44322 /* Debug */ = {
			isa = XCBuildConfiguration;
			buildSettings = {
				ALWAYS_SEARCH_USER_PATHS = NO;
				CLANG_ANALYZER_NONNULL = YES;
				CLANG_CXX_LANGUAGE_STANDARD = "gnu++0x";
				CLANG_CXX_LIBRARY = "libc++";
				CLANG_ENABLE_MODULES = YES;
				CLANG_ENABLE_OBJC_ARC = YES;
				CLANG_WARN_BOOL_CONVERSION = YES;
				CLANG_WARN_CONSTANT_CONVERSION = YES;
				CLANG_WARN_DIRECT_OBJC_ISA_USAGE = YES_ERROR;
				CLANG_WARN_EMPTY_BODY = YES;
				CLANG_WARN_ENUM_CONVERSION = YES;
				CLANG_WARN_INT_CONVERSION = YES;
				CLANG_WARN_OBJC_ROOT_CLASS = YES_ERROR;
				CLANG_WARN_UNREACHABLE_CODE = YES;
				CLANG_WARN__DUPLICATE_METHOD_MATCH = YES;
				"CODE_SIGN_IDENTITY[sdk=iphoneos*]" = "iPhone Developer";
				COPY_PHASE_STRIP = NO;
				DEBUG_INFORMATION_FORMAT = dwarf;
				ENABLE_STRICT_OBJC_MSGSEND = YES;
				ENABLE_TESTABILITY = YES;
				GCC_C_LANGUAGE_STANDARD = gnu99;
				GCC_DYNAMIC_NO_PIC = NO;
				GCC_NO_COMMON_BLOCKS = YES;
				GCC_OPTIMIZATION_LEVEL = 0;
				GCC_PREPROCESSOR_DEFINITIONS = (
					"DEBUG=1",
					"$(inherited)",
				);
				GCC_WARN_64_TO_32_BIT_CONVERSION = YES;
				GCC_WARN_ABOUT_RETURN_TYPE = YES_ERROR;
				GCC_WARN_UNDECLARED_SELECTOR = YES;
				GCC_WARN_UNINITIALIZED_AUTOS = YES_AGGRESSIVE;
				GCC_WARN_UNUSED_FUNCTION = YES;
				GCC_WARN_UNUSED_VARIABLE = YES;
				IPHONEOS_DEPLOYMENT_TARGET = 9.3;
				MTL_ENABLE_DEBUG_INFO = YES;
				ONLY_ACTIVE_ARCH = YES;
				SDKROOT = iphoneos;
			};
			name = Debug;
		};
		D775FD2D1D0637A100F44322 /* Release */ = {
			isa = XCBuildConfiguration;
			buildSettings = {
				ALWAYS_SEARCH_USER_PATHS = NO;
				CLANG_ANALYZER_NONNULL = YES;
				CLANG_CXX_LANGUAGE_STANDARD = "gnu++0x";
				CLANG_CXX_LIBRARY = "libc++";
				CLANG_ENABLE_MODULES = YES;
				CLANG_ENABLE_OBJC_ARC = YES;
				CLANG_WARN_BOOL_CONVERSION = YES;
				CLANG_WARN_CONSTANT_CONVERSION = YES;
				CLANG_WARN_DIRECT_OBJC_ISA_USAGE = YES_ERROR;
				CLANG_WARN_EMPTY_BODY = YES;
				CLANG_WARN_ENUM_CONVERSION = YES;
				CLANG_WARN_INT_CONVERSION = YES;
				CLANG_WARN_OBJC_ROOT_CLASS = YES_ERROR;
				CLANG_WARN_UNREACHABLE_CODE = YES;
				CLANG_WARN__DUPLICATE_METHOD_MATCH = YES;
				"CODE_SIGN_IDENTITY[sdk=iphoneos*]" = "iPhone Developer";
				COPY_PHASE_STRIP = NO;
				DEBUG_INFORMATION_FORMAT = "dwarf-with-dsym";
				ENABLE_NS_ASSERTIONS = NO;
				ENABLE_STRICT_OBJC_MSGSEND = YES;
				GCC_C_LANGUAGE_STANDARD = gnu99;
				GCC_NO_COMMON_BLOCKS = YES;
				GCC_WARN_64_TO_32_BIT_CONVERSION = YES;
				GCC_WARN_ABOUT_RETURN_TYPE = YES_ERROR;
				GCC_WARN_UNDECLARED_SELECTOR = YES;
				GCC_WARN_UNINITIALIZED_AUTOS = YES_AGGRESSIVE;
				GCC_WARN_UNUSED_FUNCTION = YES;
				GCC_WARN_UNUSED_VARIABLE = YES;
				IPHONEOS_DEPLOYMENT_TARGET = 9.3;
				MTL_ENABLE_DEBUG_INFO = NO;
				SDKROOT = iphoneos;
				VALIDATE_PRODUCT = YES;
			};
			name = Release;
		};
		D775FD2F1D0637A100F44322 /* Debug */ = {
			isa = XCBuildConfiguration;
			buildSettings = {
				ASSETCATALOG_COMPILER_APPICON_NAME = AppIcon;
				INFOPLIST_FILE = VideoSample003/Info.plist;
				LD_RUNPATH_SEARCH_PATHS = "$(inherited) @executable_path/Frameworks";
				PRODUCT_BUNDLE_IDENTIFIER = jp.ne.sapporoworks.VideoSample003;
				PRODUCT_NAME = "$(TARGET_NAME)";
			};
			name = Debug;
		};
		D775FD301D0637A100F44322 /* Release */ = {
			isa = XCBuildConfiguration;
			buildSettings = {
				ASSETCATALOG_COMPILER_APPICON_NAME = AppIcon;
				INFOPLIST_FILE = VideoSample003/Info.plist;
				LD_RUNPATH_SEARCH_PATHS = "$(inherited) @executable_path/Frameworks";
				PRODUCT_BUNDLE_IDENTIFIER = jp.ne.sapporoworks.VideoSample003;
				PRODUCT_NAME = "$(TARGET_NAME)";
			};
			name = Release;
		};
		D775FD321D0637A100F44322 /* Debug */ = {
			isa = XCBuildConfiguration;
			buildSettings = {
				BUNDLE_LOADER = "$(TEST_HOST)";
				INFOPLIST_FILE = VideoSample003Tests/Info.plist;
				LD_RUNPATH_SEARCH_PATHS = "$(inherited) @executable_path/Frameworks @loader_path/Frameworks";
				PRODUCT_BUNDLE_IDENTIFIER = jp.ne.sapporoworks.VideoSample003Tests;
				PRODUCT_NAME = "$(TARGET_NAME)";
				TEST_HOST = "$(BUILT_PRODUCTS_DIR)/VideoSample003.app/VideoSample003";
			};
			name = Debug;
		};
		D775FD331D0637A100F44322 /* Release */ = {
			isa = XCBuildConfiguration;
			buildSettings = {
				BUNDLE_LOADER = "$(TEST_HOST)";
				INFOPLIST_FILE = VideoSample003Tests/Info.plist;
				LD_RUNPATH_SEARCH_PATHS = "$(inherited) @executable_path/Frameworks @loader_path/Frameworks";
				PRODUCT_BUNDLE_IDENTIFIER = jp.ne.sapporoworks.VideoSample003Tests;
				PRODUCT_NAME = "$(TARGET_NAME)";
				TEST_HOST = "$(BUILT_PRODUCTS_DIR)/VideoSample003.app/VideoSample003";
			};
			name = Release;
		};
/* End XCBuildConfiguration section */

/* Begin XCConfigurationList section */
		D775FD071D0637A100F44322 /* Build configuration list for PBXProject "VideoSample003" */ = {
			isa = XCConfigurationList;
			buildConfigurations = (
				D775FD2C1D0637A100F44322 /* Debug */,
				D775FD2D1D0637A100F44322 /* Release */,
			);
			defaultConfigurationIsVisible = 0;
			defaultConfigurationName = Release;
		};
		D775FD2E1D0637A100F44322 /* Build configuration list for PBXNativeTarget "VideoSample003" */ = {
			isa = XCConfigurationList;
			buildConfigurations = (
				D775FD2F1D0637A100F44322 /* Debug */,
				D775FD301D0637A100F44322 /* Release */,
			);
			defaultConfigurationIsVisible = 0;
		};
		D775FD311D0637A100F44322 /* Build configuration list for PBXNativeTarget "VideoSample003Tests" */ = {
			isa = XCConfigurationList;
			buildConfigurations = (
				D775FD321D0637A100F44322 /* Debug */,
				D775FD331D0637A100F44322 /* Release */,
			);
			defaultConfigurationIsVisible = 0;
		};
/* End XCConfigurationList section */
	};
	rootObject = D775FD041D0637A100F44322 /* Project object */;
}
